PODS:
  - JOSESwift (2.4.0)
  - Sentry (7.9.0):
    - Sentry/Core (= 7.9.0)
  - Sentry/Core (7.9.0)
  - unicocheck-ios (2.0.0):
    - JOSESwift
    - Sentry

DEPENDENCIES:
  - unicocheck-ios

SPEC REPOS:
  trunk:
    - JOSESwift
    - Sentry
    - unicocheck-ios

SPEC CHECKSUMS:
  JOSESwift: 7ff178bb9173ff42c6e990929a9f2fa702a34f69
  Sentry: 2f7e91f247cfb05b05bd01e0b5d0692557a7687b
  unicocheck-ios: d450f8a344c16f385b97614d14f1a0a23328e625

PODFILE CHECKSUM: 8d8fcebdadea6aa9a4e37ecb4eb1de97f75ef622

COCOAPODS: 1.11.2
